// !$*UTF8*$!
{
	archiveVersion = 1;
	classes = {
	};
	objectVersion = 77;
	objects = {

/* Begin PBXBuildFile section */
		4B34DEFF2D9126E2004BEFC9 /* FloatingTextField.swift in Sources */ = {isa = PBXBuildFile; fileRef = 4B34DEFE2D9126E2004BEFC9 /* FloatingTextField.swift */; };
		4B477BF92D8C2C3B0070A44A /* RoundButton.swift in Sources */ = {isa = PBXBuildFile; fileRef = 4B477BF82D8C2C3B0070A44A /* RoundButton.swift */; };
		4B48F7D12D92AFE600C92DBB /* EndPointType.swift in Sources */ = {isa = PBXBuildFile; fileRef = 4B48F7C82D92AFE600C92DBB /* EndPointType.swift */; };
		4B48F7D32D92AFE600C92DBB /* MediaModel.swift in Sources */ = {isa = PBXBuildFile; fileRef = 4B48F7A62D92AFE600C92DBB /* MediaModel.swift */; };
		4B48F7D42D92AFE600C92DBB /* NetworkLogger.swift in Sources */ = {isa = PBXBuildFile; fileRef = 4B48F7CB2D92AFE600C92DBB /* NetworkLogger.swift */; };
		4B48F7D52D92AFE600C92DBB /* HTTPTask.swift in Sources */ = {isa = PBXBuildFile; fileRef = 4B48F7CA2D92AFE600C92DBB /* HTTPTask.swift */; };
		4B48F7DA2D92AFE600C92DBB /* Router.swift in Sources */ = {isa = PBXBuildFile; fileRef = 4B48F7CC2D92AFE600C92DBB /* Router.swift */; };
		4B48F7DE2D92AFE600C92DBB /* URLParameterEncoding.swift in Sources */ = {isa = PBXBuildFile; fileRef = 4B48F7A92D92AFE600C92DBB /* URLParameterEncoding.swift */; };
		4B48F7E02D92AFE600C92DBB /* URLQuaryJSONEncoder.swift in Sources */ = {isa = PBXBuildFile; fileRef = 4B48F7AA2D92AFE600C92DBB /* URLQuaryJSONEncoder.swift */; };
		4B48F7E12D92AFE600C92DBB /* HTTPMethod.swift in Sources */ = {isa = PBXBuildFile; fileRef = 4B48F7C92D92AFE600C92DBB /* HTTPMethod.swift */; };
		4B48F7E42D92AFE600C92DBB /* NetworkManager.swift in Sources */ = {isa = PBXBuildFile; fileRef = 4B48F7C32D92AFE600C92DBB /* NetworkManager.swift */; };
		4B48F7E92D92AFE600C92DBB /* MultipartParameterEncoding.swift in Sources */ = {isa = PBXBuildFile; fileRef = 4B48F7A72D92AFE600C92DBB /* MultipartParameterEncoding.swift */; };
		4B48F7EA2D92AFE600C92DBB /* JSONParameterEncoder.swift in Sources */ = {isa = PBXBuildFile; fileRef = 4B48F7A52D92AFE600C92DBB /* JSONParameterEncoder.swift */; };
		4B48F7F02D92AFE600C92DBB /* ParameterEncoding.swift in Sources */ = {isa = PBXBuildFile; fileRef = 4B48F7A82D92AFE600C92DBB /* ParameterEncoding.swift */; };
		4B48F7F42D92AFE600C92DBB /* SuccessResponse.swift in Sources */ = {isa = PBXBuildFile; fileRef = 4B48F7A32D92AFE600C92DBB /* SuccessResponse.swift */; };
		4B8988E12D8C115400407F7A /* WelcomeView.swift in Sources */ = {isa = PBXBuildFile; fileRef = 4B8988DB2D8C115400407F7A /* WelcomeView.swift */; };
		4B8988E22D8C115400407F7A /* Online_Groceries_Shop_MVVMApp.swift in Sources */ = {isa = PBXBuildFile; fileRef = 4B8988DF2D8C115400407F7A /* Online_Groceries_Shop_MVVMApp.swift */; };
		4B8988E32D8C115400407F7A /* Gilroy-Bold.ttf in Resources */ = {isa = PBXBuildFile; fileRef = 4B8988D42D8C115400407F7A /* Gilroy-Bold.ttf */; };
		4B8988E42D8C115400407F7A /* Gilroy-Medium.ttf in Resources */ = {isa = PBXBuildFile; fileRef = 4B8988D52D8C115400407F7A /* Gilroy-Medium.ttf */; };
		4B8988E52D8C115400407F7A /* Gilroy-Regular.ttf in Resources */ = {isa = PBXBuildFile; fileRef = 4B8988D62D8C115400407F7A /* Gilroy-Regular.ttf */; };
		4B8988E62D8C115400407F7A /* Gilroy-SemiBold.ttf in Resources */ = {isa = PBXBuildFile; fileRef = 4B8988D72D8C115400407F7A /* Gilroy-SemiBold.ttf */; };
		4B8988E72D8C115400407F7A /* Preview Assets.xcassets in Resources */ = {isa = PBXBuildFile; fileRef = 4B8988D92D8C115400407F7A /* Preview Assets.xcassets */; };
		4B8988E82D8C115400407F7A /* Assets.xcassets in Resources */ = {isa = PBXBuildFile; fileRef = 4B8988DD2D8C115400407F7A /* Assets.xcassets */; };
		4B8988E92D8C115400407F7A /* Launch Screen.storyboard in Resources */ = {isa = PBXBuildFile; fileRef = 4B8988DE2D8C115400407F7A /* Launch Screen.storyboard */; };
		4B8988F32D8C15A100407F7A /* Constants.swift in Sources */ = {isa = PBXBuildFile; fileRef = 4B8988F22D8C159B00407F7A /* Constants.swift */; };
		4BD426702D8D3DD0002041F3 /* Extensions.swift in Sources */ = {isa = PBXBuildFile; fileRef = 4BD4266F2D8D3DC7002041F3 /* Extensions.swift */; };
		4BD426792D8D5FFB002041F3 /* CountryPicker in Frameworks */ = {isa = PBXBuildFile; productRef = 4BD426782D8D5FFB002041F3 /* CountryPicker */; };
		4BD4267B2D8D6098002041F3 /* CountryPicker.swift in Sources */ = {isa = PBXBuildFile; fileRef = 4BD4267A2D8D6092002041F3 /* CountryPicker.swift */; };
		4BECEA602D911680008739BF /* LoginView.swift in Sources */ = {isa = PBXBuildFile; fileRef = 4BECEA5F2D911680008739BF /* LoginView.swift */; };
		4BED0A7C2D8C307A00C90ABC /* SignInView.swift in Sources */ = {isa = PBXBuildFile; fileRef = 4BED0A7B2D8C307A00C90ABC /* SignInView.swift */; };
		B67A4C0F2DE4794000A384A5 /* AppCoordinator.swift in Sources */ = {isa = PBXBuildFile; fileRef = B67A4C0C2DE4794000A384A5 /* AppCoordinator.swift */; };
		B67A4C102DE4794000A384A5 /* AppCoordinatorProtocol.swift in Sources */ = {isa = PBXBuildFile; fileRef = B67A4C0D2DE4794000A384A5 /* AppCoordinatorProtocol.swift */; };
		B67A4C142DE47A3300A384A5 /* Task.swift in Sources */ = {isa = PBXBuildFile; fileRef = B67A4C132DE47A3300A384A5 /* Task.swift */; };
		B67A4C162DE47AA400A384A5 /* Habit.swift in Sources */ = {isa = PBXBuildFile; fileRef = B67A4C152DE47AA400A384A5 /* Habit.swift */; };
		B67A4C182DE47C3E00A384A5 /* CoordinatorView.swift in Sources */ = {isa = PBXBuildFile; fileRef = B67A4C172DE47C3E00A384A5 /* CoordinatorView.swift */; };
		B67A4C1B2DE47E2600A384A5 /* ViewFactory.swift in Sources */ = {isa = PBXBuildFile; fileRef = B67A4C1A2DE47E2600A384A5 /* ViewFactory.swift */; };
		B67A4C5C2DE489EF00A384A5 /* DependencyInjection.swift in Sources */ = {isa = PBXBuildFile; fileRef = B67A4C5B2DE489EF00A384A5 /* DependencyInjection.swift */; };
		B67A4C5E2DE48B0200A384A5 /* HomeView.swift in Sources */ = {isa = PBXBuildFile; fileRef = B67A4C5D2DE48B0200A384A5 /* HomeView.swift */; };
		B67A4C602DE48FF500A384A5 /* HomeViewModel.swift in Sources */ = {isa = PBXBuildFile; fileRef = B67A4C5F2DE48FF500A384A5 /* HomeViewModel.swift */; };
		B67A4C622DE491F900A384A5 /* LoginViewModel.swift in Sources */ = {isa = PBXBuildFile; fileRef = B67A4C612DE491F900A384A5 /* LoginViewModel.swift */; };
		B67A4C652DE4AECD00A384A5 /* SignUpViewModel.swift in Sources */ = {isa = PBXBuildFile; fileRef = B67A4C642DE4AECD00A384A5 /* SignUpViewModel.swift */; };
		B67A4C692DE4BF1A00A384A5 /* DataSource.swift in Sources */ = {isa = PBXBuildFile; fileRef = B67A4C682DE4BF1A00A384A5 /* DataSource.swift */; };
/* End PBXBuildFile section */

/* Begin PBXContainerItemProxy section */
		4BB739962D8BFC46008265E1 /* PBXContainerItemProxy */ = {
			isa = PBXContainerItemProxy;
			containerPortal = 4BB7397B2D8BFC45008265E1 /* Project object */;
			proxyType = 1;
			remoteGlobalIDString = 4BB739822D8BFC45008265E1;
			remoteInfo = Online_Groceries_Shop_MVVM;
		};
		4BB739A02D8BFC46008265E1 /* PBXContainerItemProxy */ = {
			isa = PBXContainerItemProxy;
			containerPortal = 4BB7397B2D8BFC45008265E1 /* Project object */;
			proxyType = 1;
			remoteGlobalIDString = 4BB739822D8BFC45008265E1;
			remoteInfo = Online_Groceries_Shop_MVVM;
		};
/* End PBXContainerItemProxy section */

/* Begin PBXFileReference section */
		4B34DEFE2D9126E2004BEFC9 /* FloatingTextField.swift */ = {isa = PBXFileReference; lastKnownFileType = sourcecode.swift; path = FloatingTextField.swift; sourceTree = "<group>"; };
		4B477BF82D8C2C3B0070A44A /* RoundButton.swift */ = {isa = PBXFileReference; lastKnownFileType = sourcecode.swift; path = RoundButton.swift; sourceTree = "<group>"; };
		4B48F7A32D92AFE600C92DBB /* SuccessResponse.swift */ = {isa = PBXFileReference; lastKnownFileType = sourcecode.swift; path = SuccessResponse.swift; sourceTree = "<group>"; };
		4B48F7A52D92AFE600C92DBB /* JSONParameterEncoder.swift */ = {isa = PBXFileReference; lastKnownFileType = sourcecode.swift; path = JSONParameterEncoder.swift; sourceTree = "<group>"; };
		4B48F7A62D92AFE600C92DBB /* MediaModel.swift */ = {isa = PBXFileReference; lastKnownFileType = sourcecode.swift; path = MediaModel.swift; sourceTree = "<group>"; };
		4B48F7A72D92AFE600C92DBB /* MultipartParameterEncoding.swift */ = {isa = PBXFileReference; lastKnownFileType = sourcecode.swift; path = MultipartParameterEncoding.swift; sourceTree = "<group>"; };
		4B48F7A82D92AFE600C92DBB /* ParameterEncoding.swift */ = {isa = PBXFileReference; lastKnownFileType = sourcecode.swift; path = ParameterEncoding.swift; sourceTree = "<group>"; };
		4B48F7A92D92AFE600C92DBB /* URLParameterEncoding.swift */ = {isa = PBXFileReference; lastKnownFileType = sourcecode.swift; path = URLParameterEncoding.swift; sourceTree = "<group>"; };
		4B48F7AA2D92AFE600C92DBB /* URLQuaryJSONEncoder.swift */ = {isa = PBXFileReference; lastKnownFileType = sourcecode.swift; path = URLQuaryJSONEncoder.swift; sourceTree = "<group>"; };
		4B48F7C32D92AFE600C92DBB /* NetworkManager.swift */ = {isa = PBXFileReference; lastKnownFileType = sourcecode.swift; path = NetworkManager.swift; sourceTree = "<group>"; };
		4B48F7C82D92AFE600C92DBB /* EndPointType.swift */ = {isa = PBXFileReference; lastKnownFileType = sourcecode.swift; path = EndPointType.swift; sourceTree = "<group>"; };
		4B48F7C92D92AFE600C92DBB /* HTTPMethod.swift */ = {isa = PBXFileReference; lastKnownFileType = sourcecode.swift; path = HTTPMethod.swift; sourceTree = "<group>"; };
		4B48F7CA2D92AFE600C92DBB /* HTTPTask.swift */ = {isa = PBXFileReference; lastKnownFileType = sourcecode.swift; path = HTTPTask.swift; sourceTree = "<group>"; };
		4B48F7CB2D92AFE600C92DBB /* NetworkLogger.swift */ = {isa = PBXFileReference; lastKnownFileType = sourcecode.swift; path = NetworkLogger.swift; sourceTree = "<group>"; };
		4B48F7CC2D92AFE600C92DBB /* Router.swift */ = {isa = PBXFileReference; lastKnownFileType = sourcecode.swift; path = Router.swift; sourceTree = "<group>"; };
		4B8988D42D8C115400407F7A /* Gilroy-Bold.ttf */ = {isa = PBXFileReference; lastKnownFileType = file; path = "Gilroy-Bold.ttf"; sourceTree = "<group>"; };
		4B8988D52D8C115400407F7A /* Gilroy-Medium.ttf */ = {isa = PBXFileReference; lastKnownFileType = file; path = "Gilroy-Medium.ttf"; sourceTree = "<group>"; };
		4B8988D62D8C115400407F7A /* Gilroy-Regular.ttf */ = {isa = PBXFileReference; lastKnownFileType = file; path = "Gilroy-Regular.ttf"; sourceTree = "<group>"; };
		4B8988D72D8C115400407F7A /* Gilroy-SemiBold.ttf */ = {isa = PBXFileReference; lastKnownFileType = file; path = "Gilroy-SemiBold.ttf"; sourceTree = "<group>"; };
		4B8988D92D8C115400407F7A /* Preview Assets.xcassets */ = {isa = PBXFileReference; lastKnownFileType = folder.assetcatalog; path = "Preview Assets.xcassets"; sourceTree = "<group>"; };
		4B8988DB2D8C115400407F7A /* WelcomeView.swift */ = {isa = PBXFileReference; lastKnownFileType = sourcecode.swift; path = WelcomeView.swift; sourceTree = "<group>"; };
		4B8988DD2D8C115400407F7A /* Assets.xcassets */ = {isa = PBXFileReference; lastKnownFileType = folder.assetcatalog; path = Assets.xcassets; sourceTree = "<group>"; };
		4B8988DE2D8C115400407F7A /* Launch Screen.storyboard */ = {isa = PBXFileReference; lastKnownFileType = file.storyboard; path = "Launch Screen.storyboard"; sourceTree = "<group>"; };
		4B8988DF2D8C115400407F7A /* Online_Groceries_Shop_MVVMApp.swift */ = {isa = PBXFileReference; lastKnownFileType = sourcecode.swift; path = Online_Groceries_Shop_MVVMApp.swift; sourceTree = "<group>"; };
		4B8988F22D8C159B00407F7A /* Constants.swift */ = {isa = PBXFileReference; lastKnownFileType = sourcecode.swift; path = Constants.swift; sourceTree = "<group>"; };
		4BB739832D8BFC45008265E1 /* Online_Groceries_Shop_MVVM.app */ = {isa = PBXFileReference; explicitFileType = wrapper.application; includeInIndex = 0; path = Online_Groceries_Shop_MVVM.app; sourceTree = BUILT_PRODUCTS_DIR; };
		4BB739952D8BFC46008265E1 /* Online_Groceries_Shop_MVVMTests.xctest */ = {isa = PBXFileReference; explicitFileType = wrapper.cfbundle; includeInIndex = 0; path = Online_Groceries_Shop_MVVMTests.xctest; sourceTree = BUILT_PRODUCTS_DIR; };
		4BB7399F2D8BFC46008265E1 /* Online_Groceries_Shop_MVVMUITests.xctest */ = {isa = PBXFileReference; explicitFileType = wrapper.cfbundle; includeInIndex = 0; path = Online_Groceries_Shop_MVVMUITests.xctest; sourceTree = BUILT_PRODUCTS_DIR; };
		4BD4266F2D8D3DC7002041F3 /* Extensions.swift */ = {isa = PBXFileReference; lastKnownFileType = sourcecode.swift; path = Extensions.swift; sourceTree = "<group>"; };
		4BD4267A2D8D6092002041F3 /* CountryPicker.swift */ = {isa = PBXFileReference; lastKnownFileType = sourcecode.swift; path = CountryPicker.swift; sourceTree = "<group>"; };
		4BECEA5F2D911680008739BF /* LoginView.swift */ = {isa = PBXFileReference; lastKnownFileType = sourcecode.swift; path = LoginView.swift; sourceTree = "<group>"; };
		4BED0A7B2D8C307A00C90ABC /* SignInView.swift */ = {isa = PBXFileReference; lastKnownFileType = sourcecode.swift; path = SignInView.swift; sourceTree = "<group>"; };
		B67A4C0C2DE4794000A384A5 /* AppCoordinator.swift */ = {isa = PBXFileReference; lastKnownFileType = sourcecode.swift; path = AppCoordinator.swift; sourceTree = "<group>"; };
		B67A4C0D2DE4794000A384A5 /* AppCoordinatorProtocol.swift */ = {isa = PBXFileReference; lastKnownFileType = sourcecode.swift; path = AppCoordinatorProtocol.swift; sourceTree = "<group>"; };
		B67A4C132DE47A3300A384A5 /* Task.swift */ = {isa = PBXFileReference; lastKnownFileType = sourcecode.swift; path = Task.swift; sourceTree = "<group>"; };
		B67A4C152DE47AA400A384A5 /* Habit.swift */ = {isa = PBXFileReference; lastKnownFileType = sourcecode.swift; path = Habit.swift; sourceTree = "<group>"; };
		B67A4C172DE47C3E00A384A5 /* CoordinatorView.swift */ = {isa = PBXFileReference; lastKnownFileType = sourcecode.swift; path = CoordinatorView.swift; sourceTree = "<group>"; };
		B67A4C1A2DE47E2600A384A5 /* ViewFactory.swift */ = {isa = PBXFileReference; lastKnownFileType = sourcecode.swift; path = ViewFactory.swift; sourceTree = "<group>"; };
		B67A4C5B2DE489EF00A384A5 /* DependencyInjection.swift */ = {isa = PBXFileReference; lastKnownFileType = sourcecode.swift; path = DependencyInjection.swift; sourceTree = "<group>"; };
		B67A4C5D2DE48B0200A384A5 /* HomeView.swift */ = {isa = PBXFileReference; lastKnownFileType = sourcecode.swift; path = HomeView.swift; sourceTree = "<group>"; };
		B67A4C5F2DE48FF500A384A5 /* HomeViewModel.swift */ = {isa = PBXFileReference; lastKnownFileType = sourcecode.swift; path = HomeViewModel.swift; sourceTree = "<group>"; };
		B67A4C612DE491F900A384A5 /* LoginViewModel.swift */ = {isa = PBXFileReference; lastKnownFileType = sourcecode.swift; path = LoginViewModel.swift; sourceTree = "<group>"; };
		B67A4C642DE4AECD00A384A5 /* SignUpViewModel.swift */ = {isa = PBXFileReference; lastKnownFileType = sourcecode.swift; path = SignUpViewModel.swift; sourceTree = "<group>"; };
		B67A4C682DE4BF1A00A384A5 /* DataSource.swift */ = {isa = PBXFileReference; lastKnownFileType = sourcecode.swift; path = DataSource.swift; sourceTree = "<group>"; };
/* End PBXFileReference section */

/* Begin PBXFrameworksBuildPhase section */
		4BB739802D8BFC45008265E1 /* Frameworks */ = {
			isa = PBXFrameworksBuildPhase;
			buildActionMask = 2147483647;
			files = (
				4BD426792D8D5FFB002041F3 /* CountryPicker in Frameworks */,
			);
			runOnlyForDeploymentPostprocessing = 0;
		};
		4BB739922D8BFC46008265E1 /* Frameworks */ = {
			isa = PBXFrameworksBuildPhase;
			buildActionMask = 2147483647;
			files = (
			);
			runOnlyForDeploymentPostprocessing = 0;
		};
		4BB7399C2D8BFC46008265E1 /* Frameworks */ = {
			isa = PBXFrameworksBuildPhase;
			buildActionMask = 2147483647;
			files = (
			);
			runOnlyForDeploymentPostprocessing = 0;
		};
/* End PBXFrameworksBuildPhase section */

/* Begin PBXGroup section */
		4B48F7A42D92AFE600C92DBB /* Decoding */ = {
			isa = PBXGroup;
			children = (
				4B48F7A32D92AFE600C92DBB /* SuccessResponse.swift */,
			);
			path = Decoding;
			sourceTree = "<group>";
		};
		4B48F7AB2D92AFE600C92DBB /* Encoding */ = {
			isa = PBXGroup;
			children = (
				4B48F7A52D92AFE600C92DBB /* JSONParameterEncoder.swift */,
				4B48F7A62D92AFE600C92DBB /* MediaModel.swift */,
				4B48F7A72D92AFE600C92DBB /* MultipartParameterEncoding.swift */,
				4B48F7A82D92AFE600C92DBB /* ParameterEncoding.swift */,
				4B48F7A92D92AFE600C92DBB /* URLParameterEncoding.swift */,
				4B48F7AA2D92AFE600C92DBB /* URLQuaryJSONEncoder.swift */,
			);
			path = Encoding;
			sourceTree = "<group>";
		};
		4B48F7BF2D92AFE600C92DBB /* EndPoint */ = {
			isa = PBXGroup;
			children = (
			);
			path = EndPoint;
			sourceTree = "<group>";
		};
		4B48F7C42D92AFE600C92DBB /* Manager */ = {
			isa = PBXGroup;
			children = (
				4B48F7C32D92AFE600C92DBB /* NetworkManager.swift */,
			);
			path = Manager;
			sourceTree = "<group>";
		};
		4B48F7CD2D92AFE600C92DBB /* Service */ = {
			isa = PBXGroup;
			children = (
				4B48F7C82D92AFE600C92DBB /* EndPointType.swift */,
				4B48F7C92D92AFE600C92DBB /* HTTPMethod.swift */,
				4B48F7CA2D92AFE600C92DBB /* HTTPTask.swift */,
				4B48F7CB2D92AFE600C92DBB /* NetworkLogger.swift */,
				4B48F7CC2D92AFE600C92DBB /* Router.swift */,
			);
			path = Service;
			sourceTree = "<group>";
		};
		4B48F7CE2D92AFE600C92DBB /* Networking */ = {
			isa = PBXGroup;
			children = (
				4B48F7A42D92AFE600C92DBB /* Decoding */,
				4B48F7AB2D92AFE600C92DBB /* Encoding */,
				4B48F7BF2D92AFE600C92DBB /* EndPoint */,
				4B48F7C42D92AFE600C92DBB /* Manager */,
				4B48F7CD2D92AFE600C92DBB /* Service */,
			);
			path = Networking;
			sourceTree = "<group>";
		};
		4B8988D82D8C115400407F7A /* Font */ = {
			isa = PBXGroup;
			children = (
				4B8988D42D8C115400407F7A /* Gilroy-Bold.ttf */,
				4B8988D52D8C115400407F7A /* Gilroy-Medium.ttf */,
				4B8988D62D8C115400407F7A /* Gilroy-Regular.ttf */,
				4B8988D72D8C115400407F7A /* Gilroy-SemiBold.ttf */,
			);
			path = Font;
			sourceTree = "<group>";
		};
		4B8988DA2D8C115400407F7A /* Preview Content */ = {
			isa = PBXGroup;
			children = (
				4B8988D92D8C115400407F7A /* Preview Assets.xcassets */,
			);
			path = "Preview Content";
			sourceTree = "<group>";
		};
		4B8988DC2D8C115400407F7A /* View */ = {
			isa = PBXGroup;
			children = (
				B67A4C5D2DE48B0200A384A5 /* HomeView.swift */,
				4B8988DB2D8C115400407F7A /* WelcomeView.swift */,
				B67A4C172DE47C3E00A384A5 /* CoordinatorView.swift */,
				4B8988EE2D8C130700407F7A /* Login */,
			);
			path = View;
			sourceTree = "<group>";
		};
		4B8988E02D8C115400407F7A /* Online_Groceries_Shop_MVVM */ = {
			isa = PBXGroup;
			children = (
				B67A4C662DE4BEED00A384A5 /* Data */,
				B67A4C632DE4AE2A00A384A5 /* Dependency */,
				B67A4C1C2DE47E2E00A384A5 /* Factory */,
				B67A4C192DE47E0E00A384A5 /* Coordinator */,
				4B48F7CE2D92AFE600C92DBB /* Networking */,
				4B8988F12D8C158E00407F7A /* CommonLogic */,
				4B8988ED2D8C127B00407F7A /* CommonUI */,
				4B8988EC2D8C127300407F7A /* Model */,
				4B8988EA2D8C125800407F7A /* ViewModel */,
				4B8988DC2D8C115400407F7A /* View */,
				4B8988DD2D8C115400407F7A /* Assets.xcassets */,
				4B8988DE2D8C115400407F7A /* Launch Screen.storyboard */,
				4B8988DF2D8C115400407F7A /* Online_Groceries_Shop_MVVMApp.swift */,
				4B8988D82D8C115400407F7A /* Font */,
				4B8988DA2D8C115400407F7A /* Preview Content */,
			);
			path = Online_Groceries_Shop_MVVM;
			sourceTree = "<group>";
		};
		4B8988EA2D8C125800407F7A /* ViewModel */ = {
			isa = PBXGroup;
			children = (
				B67A4C612DE491F900A384A5 /* LoginViewModel.swift */,
				B67A4C642DE4AECD00A384A5 /* SignUpViewModel.swift */,
				B67A4C5F2DE48FF500A384A5 /* HomeViewModel.swift */,
			);
			path = ViewModel;
			sourceTree = "<group>";
		};
		4B8988EC2D8C127300407F7A /* Model */ = {
			isa = PBXGroup;
			children = (
				B67A4C152DE47AA400A384A5 /* Habit.swift */,
				B67A4C132DE47A3300A384A5 /* Task.swift */,
			);
			path = Model;
			sourceTree = "<group>";
		};
		4B8988ED2D8C127B00407F7A /* CommonUI */ = {
			isa = PBXGroup;
			children = (
				4B477BF82D8C2C3B0070A44A /* RoundButton.swift */,
				4B34DEFE2D9126E2004BEFC9 /* FloatingTextField.swift */,
			);
			path = CommonUI;
			sourceTree = "<group>";
		};
		4B8988EE2D8C130700407F7A /* Login */ = {
			isa = PBXGroup;
			children = (
				4BED0A7B2D8C307A00C90ABC /* SignInView.swift */,
				4BECEA5F2D911680008739BF /* LoginView.swift */,
			);
			path = Login;
			sourceTree = "<group>";
		};
		4B8988F12D8C158E00407F7A /* CommonLogic */ = {
			isa = PBXGroup;
			children = (
				4BD4267A2D8D6092002041F3 /* CountryPicker.swift */,
				4BD4266F2D8D3DC7002041F3 /* Extensions.swift */,
				4B8988F22D8C159B00407F7A /* Constants.swift */,
			);
			path = CommonLogic;
			sourceTree = "<group>";
		};
		4BB7397A2D8BFC45008265E1 = {
			isa = PBXGroup;
			children = (
				4B8988E02D8C115400407F7A /* Online_Groceries_Shop_MVVM */,
				4BB739842D8BFC45008265E1 /* Products */,
			);
			sourceTree = "<group>";
		};
		4BB739842D8BFC45008265E1 /* Products */ = {
			isa = PBXGroup;
			children = (
				4BB739832D8BFC45008265E1 /* Online_Groceries_Shop_MVVM.app */,
				4BB739952D8BFC46008265E1 /* Online_Groceries_Shop_MVVMTests.xctest */,
				4BB7399F2D8BFC46008265E1 /* Online_Groceries_Shop_MVVMUITests.xctest */,
			);
			name = Products;
			sourceTree = "<group>";
		};
		B67A4C192DE47E0E00A384A5 /* Coordinator */ = {
			isa = PBXGroup;
			children = (
				B67A4C0C2DE4794000A384A5 /* AppCoordinator.swift */,
				B67A4C0D2DE4794000A384A5 /* AppCoordinatorProtocol.swift */,
			);
			path = Coordinator;
			sourceTree = "<group>";
		};
		B67A4C1C2DE47E2E00A384A5 /* Factory */ = {
			isa = PBXGroup;
			children = (
				B67A4C1A2DE47E2600A384A5 /* ViewFactory.swift */,
			);
			path = Factory;
			sourceTree = "<group>";
		};
		B67A4C632DE4AE2A00A384A5 /* Dependency */ = {
			isa = PBXGroup;
			children = (
				B67A4C5B2DE489EF00A384A5 /* DependencyInjection.swift */,
			);
			path = Dependency;
			sourceTree = "<group>";
		};
		B67A4C662DE4BEED00A384A5 /* Data */ = {
			isa = PBXGroup;
			children = (
				B67A4C672DE4BEF500A384A5 /* DataSource */,
			);
			path = Data;
			sourceTree = "<group>";
		};
		B67A4C672DE4BEF500A384A5 /* DataSource */ = {
			isa = PBXGroup;
			children = (
				B67A4C682DE4BF1A00A384A5 /* DataSource.swift */,
			);
			path = DataSource;
			sourceTree = "<group>";
		};
/* End PBXGroup section */

/* Begin PBXNativeTarget section */
		4BB739822D8BFC45008265E1 /* Online_Groceries_Shop_MVVM */ = {
			isa = PBXNativeTarget;
			buildConfigurationList = 4BB739A92D8BFC46008265E1 /* Build configuration list for PBXNativeTarget "Online_Groceries_Shop_MVVM" */;
			buildPhases = (
				4BB7397F2D8BFC45008265E1 /* Sources */,
				4BB739802D8BFC45008265E1 /* Frameworks */,
				4BB739812D8BFC45008265E1 /* Resources */,
			);
			buildRules = (
			);
			dependencies = (
			);
			name = Online_Groceries_Shop_MVVM;
			packageProductDependencies = (
				4BD426782D8D5FFB002041F3 /* CountryPicker */,
			);
			productName = Online_Groceries_Shop_MVVM;
			productReference = 4BB739832D8BFC45008265E1 /* Online_Groceries_Shop_MVVM.app */;
			productType = "com.apple.product-type.application";
		};
		4BB739942D8BFC46008265E1 /* Online_Groceries_Shop_MVVMTests */ = {
			isa = PBXNativeTarget;
			buildConfigurationList = 4BB739AC2D8BFC46008265E1 /* Build configuration list for PBXNativeTarget "Online_Groceries_Shop_MVVMTests" */;
			buildPhases = (
				4BB739912D8BFC46008265E1 /* Sources */,
				4BB739922D8BFC46008265E1 /* Frameworks */,
				4BB739932D8BFC46008265E1 /* Resources */,
			);
			buildRules = (
			);
			dependencies = (
				4BB739972D8BFC46008265E1 /* PBXTargetDependency */,
			);
			name = Online_Groceries_Shop_MVVMTests;
			packageProductDependencies = (
			);
			productName = Online_Groceries_Shop_MVVMTests;
			productReference = 4BB739952D8BFC46008265E1 /* Online_Groceries_Shop_MVVMTests.xctest */;
			productType = "com.apple.product-type.bundle.unit-test";
		};
		4BB7399E2D8BFC46008265E1 /* Online_Groceries_Shop_MVVMUITests */ = {
			isa = PBXNativeTarget;
			buildConfigurationList = 4BB739AF2D8BFC46008265E1 /* Build configuration list for PBXNativeTarget "Online_Groceries_Shop_MVVMUITests" */;
			buildPhases = (
				4BB7399B2D8BFC46008265E1 /* Sources */,
				4BB7399C2D8BFC46008265E1 /* Frameworks */,
				4BB7399D2D8BFC46008265E1 /* Resources */,
			);
			buildRules = (
			);
			dependencies = (
				4BB739A12D8BFC46008265E1 /* PBXTargetDependency */,
			);
			name = Online_Groceries_Shop_MVVMUITests;
			packageProductDependencies = (
			);
			productName = Online_Groceries_Shop_MVVMUITests;
			productReference = 4BB7399F2D8BFC46008265E1 /* Online_Groceries_Shop_MVVMUITests.xctest */;
			productType = "com.apple.product-type.bundle.ui-testing";
		};
/* End PBXNativeTarget section */

/* Begin PBXProject section */
		4BB7397B2D8BFC45008265E1 /* Project object */ = {
			isa = PBXProject;
			attributes = {
				BuildIndependentTargetsInParallel = 1;
				LastSwiftUpdateCheck = 1620;
				LastUpgradeCheck = 1620;
				TargetAttributes = {
					4BB739822D8BFC45008265E1 = {
						CreatedOnToolsVersion = 16.2;
					};
					4BB739942D8BFC46008265E1 = {
						CreatedOnToolsVersion = 16.2;
						TestTargetID = 4BB739822D8BFC45008265E1;
					};
					4BB7399E2D8BFC46008265E1 = {
						CreatedOnToolsVersion = 16.2;
						TestTargetID = 4BB739822D8BFC45008265E1;
					};
				};
			};
			buildConfigurationList = 4BB7397E2D8BFC45008265E1 /* Build configuration list for PBXProject "Online_Groceries_Shop_MVVM" */;
			developmentRegion = en;
			hasScannedForEncodings = 0;
			knownRegions = (
				en,
				Base,
			);
			mainGroup = 4BB7397A2D8BFC45008265E1;
			minimizedProjectReferenceProxies = 1;
			packageReferences = (
				4BD426772D8D5FFB002041F3 /* XCRemoteSwiftPackageReference "CountryPicker" */,
			);
			preferredProjectObjectVersion = 77;
			productRefGroup = 4BB739842D8BFC45008265E1 /* Products */;
			projectDirPath = "";
			projectRoot = "";
			targets = (
				4BB739822D8BFC45008265E1 /* Online_Groceries_Shop_MVVM */,
				4BB739942D8BFC46008265E1 /* Online_Groceries_Shop_MVVMTests */,
				4BB7399E2D8BFC46008265E1 /* Online_Groceries_Shop_MVVMUITests */,
			);
		};
/* End PBXProject section */

/* Begin PBXResourcesBuildPhase section */
		4BB739812D8BFC45008265E1 /* Resources */ = {
			isa = PBXResourcesBuildPhase;
			buildActionMask = 2147483647;
			files = (
				4B8988E32D8C115400407F7A /* Gilroy-Bold.ttf in Resources */,
				4B8988E42D8C115400407F7A /* Gilroy-Medium.ttf in Resources */,
				4B8988E52D8C115400407F7A /* Gilroy-Regular.ttf in Resources */,
				4B8988E62D8C115400407F7A /* Gilroy-SemiBold.ttf in Resources */,
				4B8988E72D8C115400407F7A /* Preview Assets.xcassets in Resources */,
				4B8988E82D8C115400407F7A /* Assets.xcassets in Resources */,
				4B8988E92D8C115400407F7A /* Launch Screen.storyboard in Resources */,
			);
			runOnlyForDeploymentPostprocessing = 0;
		};
		4BB739932D8BFC46008265E1 /* Resources */ = {
			isa = PBXResourcesBuildPhase;
			buildActionMask = 2147483647;
			files = (
			);
			runOnlyForDeploymentPostprocessing = 0;
		};
		4BB7399D2D8BFC46008265E1 /* Resources */ = {
			isa = PBXResourcesBuildPhase;
			buildActionMask = 2147483647;
			files = (
			);
			runOnlyForDeploymentPostprocessing = 0;
		};
/* End PBXResourcesBuildPhase section */

/* Begin PBXSourcesBuildPhase section */
		4BB7397F2D8BFC45008265E1 /* Sources */ = {
			isa = PBXSourcesBuildPhase;
			buildActionMask = 2147483647;
			files = (
				4BD4267B2D8D6098002041F3 /* CountryPicker.swift in Sources */,
				B67A4C182DE47C3E00A384A5 /* CoordinatorView.swift in Sources */,
				B67A4C5C2DE489EF00A384A5 /* DependencyInjection.swift in Sources */,
				4B477BF92D8C2C3B0070A44A /* RoundButton.swift in Sources */,
				4BD426702D8D3DD0002041F3 /* Extensions.swift in Sources */,
				4B8988E12D8C115400407F7A /* WelcomeView.swift in Sources */,
				4B34DEFF2D9126E2004BEFC9 /* FloatingTextField.swift in Sources */,
				4B8988E22D8C115400407F7A /* Online_Groceries_Shop_MVVMApp.swift in Sources */,
				4B8988F32D8C15A100407F7A /* Constants.swift in Sources */,
				4B48F7D12D92AFE600C92DBB /* EndPointType.swift in Sources */,
				4B48F7D32D92AFE600C92DBB /* MediaModel.swift in Sources */,
				B67A4C5E2DE48B0200A384A5 /* HomeView.swift in Sources */,
				4B48F7D42D92AFE600C92DBB /* NetworkLogger.swift in Sources */,
				4B48F7D52D92AFE600C92DBB /* HTTPTask.swift in Sources */,
				B67A4C0F2DE4794000A384A5 /* AppCoordinator.swift in Sources */,
				B67A4C142DE47A3300A384A5 /* Task.swift in Sources */,
				B67A4C102DE4794000A384A5 /* AppCoordinatorProtocol.swift in Sources */,
				4B48F7DA2D92AFE600C92DBB /* Router.swift in Sources */,
				B67A4C692DE4BF1A00A384A5 /* DataSource.swift in Sources */,
				4B48F7DE2D92AFE600C92DBB /* URLParameterEncoding.swift in Sources */,
				4B48F7E02D92AFE600C92DBB /* URLQuaryJSONEncoder.swift in Sources */,
				B67A4C622DE491F900A384A5 /* LoginViewModel.swift in Sources */,
				4B48F7E12D92AFE600C92DBB /* HTTPMethod.swift in Sources */,
				4B48F7E42D92AFE600C92DBB /* NetworkManager.swift in Sources */,
				B67A4C1B2DE47E2600A384A5 /* ViewFactory.swift in Sources */,
				4B48F7E92D92AFE600C92DBB /* MultipartParameterEncoding.swift in Sources */,
				4B48F7EA2D92AFE600C92DBB /* JSONParameterEncoder.swift in Sources */,
				4B48F7F02D92AFE600C92DBB /* ParameterEncoding.swift in Sources */,
				B67A4C162DE47AA400A384A5 /* Habit.swift in Sources */,
				4B48F7F42D92AFE600C92DBB /* SuccessResponse.swift in Sources */,
				4BECEA602D911680008739BF /* LoginView.swift in Sources */,
				B67A4C652DE4AECD00A384A5 /* SignUpViewModel.swift in Sources */,
				B67A4C602DE48FF500A384A5 /* HomeViewModel.swift in Sources */,
				4BED0A7C2D8C307A00C90ABC /* SignInView.swift in Sources */,
			);
			runOnlyForDeploymentPostprocessing = 0;
		};
		4BB739912D8BFC46008265E1 /* Sources */ = {
			isa = PBXSourcesBuildPhase;
			buildActionMask = 2147483647;
			files = (
			);
			runOnlyForDeploymentPostprocessing = 0;
		};
		4BB7399B2D8BFC46008265E1 /* Sources */ = {
			isa = PBXSourcesBuildPhase;
			buildActionMask = 2147483647;
			files = (
			);
			runOnlyForDeploymentPostprocessing = 0;
		};
/* End PBXSourcesBuildPhase section */

/* Begin PBXTargetDependency section */
		4BB739972D8BFC46008265E1 /* PBXTargetDependency */ = {
			isa = PBXTargetDependency;
			target = 4BB739822D8BFC45008265E1 /* Online_Groceries_Shop_MVVM */;
			targetProxy = 4BB739962D8BFC46008265E1 /* PBXContainerItemProxy */;
		};
		4BB739A12D8BFC46008265E1 /* PBXTargetDependency */ = {
			isa = PBXTargetDependency;
			target = 4BB739822D8BFC45008265E1 /* Online_Groceries_Shop_MVVM */;
			targetProxy = 4BB739A02D8BFC46008265E1 /* PBXContainerItemProxy */;
		};
/* End PBXTargetDependency section */

/* Begin XCBuildConfiguration section */
		4BB739A72D8BFC46008265E1 /* Debug */ = {
			isa = XCBuildConfiguration;
			buildSettings = {
				ALWAYS_SEARCH_USER_PATHS = NO;
				ASSETCATALOG_COMPILER_GENERATE_SWIFT_ASSET_SYMBOL_EXTENSIONS = YES;
				CLANG_ANALYZER_NONNULL = YES;
				CLANG_ANALYZER_NUMBER_OBJECT_CONVERSION = YES_AGGRESSIVE;
				CLANG_CXX_LANGUAGE_STANDARD = "gnu++20";
				CLANG_ENABLE_MODULES = YES;
				CLANG_ENABLE_OBJC_ARC = YES;
				CLANG_ENABLE_OBJC_WEAK = YES;
				CLANG_WARN_BLOCK_CAPTURE_AUTORELEASING = YES;
				CLANG_WARN_BOOL_CONVERSION = YES;
				CLANG_WARN_COMMA = YES;
				CLANG_WARN_CONSTANT_CONVERSION = YES;
				CLANG_WARN_DEPRECATED_OBJC_IMPLEMENTATIONS = YES;
				CLANG_WARN_DIRECT_OBJC_ISA_USAGE = YES_ERROR;
				CLANG_WARN_DOCUMENTATION_COMMENTS = YES;
				CLANG_WARN_EMPTY_BODY = YES;
				CLANG_WARN_ENUM_CONVERSION = YES;
				CLANG_WARN_INFINITE_RECURSION = YES;
				CLANG_WARN_INT_CONVERSION = YES;
				CLANG_WARN_NON_LITERAL_NULL_CONVERSION = YES;
				CLANG_WARN_OBJC_IMPLICIT_RETAIN_SELF = YES;
				CLANG_WARN_OBJC_LITERAL_CONVERSION = YES;
				CLANG_WARN_OBJC_ROOT_CLASS = YES_ERROR;
				CLANG_WARN_QUOTED_INCLUDE_IN_FRAMEWORK_HEADER = YES;
				CLANG_WARN_RANGE_LOOP_ANALYSIS = YES;
				CLANG_WARN_STRICT_PROTOTYPES = YES;
				CLANG_WARN_SUSPICIOUS_MOVE = YES;
				CLANG_WARN_UNGUARDED_AVAILABILITY = YES_AGGRESSIVE;
				CLANG_WARN_UNREACHABLE_CODE = YES;
				CLANG_WARN__DUPLICATE_METHOD_MATCH = YES;
				COPY_PHASE_STRIP = NO;
				DEBUG_INFORMATION_FORMAT = dwarf;
				ENABLE_STRICT_OBJC_MSGSEND = YES;
				ENABLE_TESTABILITY = YES;
				ENABLE_USER_SCRIPT_SANDBOXING = YES;
				GCC_C_LANGUAGE_STANDARD = gnu17;
				GCC_DYNAMIC_NO_PIC = NO;
				GCC_NO_COMMON_BLOCKS = YES;
				GCC_OPTIMIZATION_LEVEL = 0;
				GCC_PREPROCESSOR_DEFINITIONS = (
					"DEBUG=1",
					"$(inherited)",
				);
				GCC_WARN_64_TO_32_BIT_CONVERSION = YES;
				GCC_WARN_ABOUT_RETURN_TYPE = YES_ERROR;
				GCC_WARN_UNDECLARED_SELECTOR = YES;
				GCC_WARN_UNINITIALIZED_AUTOS = YES_AGGRESSIVE;
				GCC_WARN_UNUSED_FUNCTION = YES;
				GCC_WARN_UNUSED_VARIABLE = YES;
				IPHONEOS_DEPLOYMENT_TARGET = 18.2;
				LOCALIZATION_PREFERS_STRING_CATALOGS = YES;
				MTL_ENABLE_DEBUG_INFO = INCLUDE_SOURCE;
				MTL_FAST_MATH = YES;
				ONLY_ACTIVE_ARCH = YES;
				SDKROOT = iphoneos;
				SWIFT_ACTIVE_COMPILATION_CONDITIONS = "DEBUG $(inherited)";
				SWIFT_OPTIMIZATION_LEVEL = "-Onone";
			};
			name = Debug;
		};
		4BB739A82D8BFC46008265E1 /* Release */ = {
			isa = XCBuildConfiguration;
			buildSettings = {
				ALWAYS_SEARCH_USER_PATHS = NO;
				ASSETCATALOG_COMPILER_GENERATE_SWIFT_ASSET_SYMBOL_EXTENSIONS = YES;
				CLANG_ANALYZER_NONNULL = YES;
				CLANG_ANALYZER_NUMBER_OBJECT_CONVERSION = YES_AGGRESSIVE;
				CLANG_CXX_LANGUAGE_STANDARD = "gnu++20";
				CLANG_ENABLE_MODULES = YES;
				CLANG_ENABLE_OBJC_ARC = YES;
				CLANG_ENABLE_OBJC_WEAK = YES;
				CLANG_WARN_BLOCK_CAPTURE_AUTORELEASING = YES;
				CLANG_WARN_BOOL_CONVERSION = YES;
				CLANG_WARN_COMMA = YES;
				CLANG_WARN_CONSTANT_CONVERSION = YES;
				CLANG_WARN_DEPRECATED_OBJC_IMPLEMENTATIONS = YES;
				CLANG_WARN_DIRECT_OBJC_ISA_USAGE = YES_ERROR;
				CLANG_WARN_DOCUMENTATION_COMMENTS = YES;
				CLANG_WARN_EMPTY_BODY = YES;
				CLANG_WARN_ENUM_CONVERSION = YES;
				CLANG_WARN_INFINITE_RECURSION = YES;
				CLANG_WARN_INT_CONVERSION = YES;
				CLANG_WARN_NON_LITERAL_NULL_CONVERSION = YES;
				CLANG_WARN_OBJC_IMPLICIT_RETAIN_SELF = YES;
				CLANG_WARN_OBJC_LITERAL_CONVERSION = YES;
				CLANG_WARN_OBJC_ROOT_CLASS = YES_ERROR;
				CLANG_WARN_QUOTED_INCLUDE_IN_FRAMEWORK_HEADER = YES;
				CLANG_WARN_RANGE_LOOP_ANALYSIS = YES;
				CLANG_WARN_STRICT_PROTOTYPES = YES;
				CLANG_WARN_SUSPICIOUS_MOVE = YES;
				CLANG_WARN_UNGUARDED_AVAILABILITY = YES_AGGRESSIVE;
				CLANG_WARN_UNREACHABLE_CODE = YES;
				CLANG_WARN__DUPLICATE_METHOD_MATCH = YES;
				COPY_PHASE_STRIP = NO;
				DEBUG_INFORMATION_FORMAT = "dwarf-with-dsym";
				ENABLE_NS_ASSERTIONS = NO;
				ENABLE_STRICT_OBJC_MSGSEND = YES;
				ENABLE_USER_SCRIPT_SANDBOXING = YES;
				GCC_C_LANGUAGE_STANDARD = gnu17;
				GCC_NO_COMMON_BLOCKS = YES;
				GCC_WARN_64_TO_32_BIT_CONVERSION = YES;
				GCC_WARN_ABOUT_RETURN_TYPE = YES_ERROR;
				GCC_WARN_UNDECLARED_SELECTOR = YES;
				GCC_WARN_UNINITIALIZED_AUTOS = YES_AGGRESSIVE;
				GCC_WARN_UNUSED_FUNCTION = YES;
				GCC_WARN_UNUSED_VARIABLE = YES;
				IPHONEOS_DEPLOYMENT_TARGET = 18.2;
				LOCALIZATION_PREFERS_STRING_CATALOGS = YES;
				MTL_ENABLE_DEBUG_INFO = NO;
				MTL_FAST_MATH = YES;
				SDKROOT = iphoneos;
				SWIFT_COMPILATION_MODE = wholemodule;
				VALIDATE_PRODUCT = YES;
			};
			name = Release;
		};
		4BB739AA2D8BFC46008265E1 /* Debug */ = {
			isa = XCBuildConfiguration;
			buildSettings = {
				ASSETCATALOG_COMPILER_APPICON_NAME = AppIcon;
				ASSETCATALOG_COMPILER_GLOBAL_ACCENT_COLOR_NAME = AccentColor;
				ASSETCATALOG_COMPILER_INCLUDE_ALL_APPICON_ASSETS = YES;
				"CODE_SIGN_IDENTITY[sdk=iphoneos*]" = "iPhone Developer";
				CODE_SIGN_STYLE = Manual;
				CURRENT_PROJECT_VERSION = 1;
				DEVELOPMENT_ASSET_PATHS = "\"Online_Groceries_Shop_MVVM/Preview Content\"";
				DEVELOPMENT_TEAM = "";
				"DEVELOPMENT_TEAM[sdk=iphoneos*]" = G744JJS4HF;
				ENABLE_PREVIEWS = YES;
				GENERATE_INFOPLIST_FILE = YES;
				INFOPLIST_FILE = "Online-Groceries-Shop-MVVM-Info.plist";
				INFOPLIST_KEY_CFBundleDisplayName = "Grocery Shop";
				INFOPLIST_KEY_LSApplicationCategoryType = "public.app-category.food-and-drink";
				INFOPLIST_KEY_UIApplicationSceneManifest_Generation = YES;
				INFOPLIST_KEY_UIApplicationSupportsIndirectInputEvents = YES;
				INFOPLIST_KEY_UILaunchScreen_Generation = YES;
				INFOPLIST_KEY_UILaunchStoryboardName = "Launch Screen.storyboard";
				INFOPLIST_KEY_UISupportedInterfaceOrientations = UIInterfaceOrientationPortrait;
				IPHONEOS_DEPLOYMENT_TARGET = 17.6;
				LD_RUNPATH_SEARCH_PATHS = (
					"$(inherited)",
					"@executable_path/Frameworks",
				);
				MARKETING_VERSION = 1.0;
				PRODUCT_BUNDLE_IDENTIFIER = com.bfdlmfsdk.app;
				PRODUCT_NAME = "$(TARGET_NAME)";
				PROVISIONING_PROFILE_SPECIFIER = "";
				"PROVISIONING_PROFILE_SPECIFIER[sdk=iphoneos*]" = "BFDL WildCard Profile";
				SUPPORTED_PLATFORMS = "iphoneos iphonesimulator";
				SUPPORTS_MACCATALYST = NO;
				SUPPORTS_MAC_DESIGNED_FOR_IPHONE_IPAD = NO;
				SUPPORTS_XR_DESIGNED_FOR_IPHONE_IPAD = NO;
				SWIFT_EMIT_LOC_STRINGS = YES;
				SWIFT_VERSION = 5.0;
				TARGETED_DEVICE_FAMILY = "1,2";
			};
			name = Debug;
		};
		4BB739AB2D8BFC46008265E1 /* Release */ = {
			isa = XCBuildConfiguration;
			buildSettings = {
				ASSETCATALOG_COMPILER_APPICON_NAME = AppIcon;
				ASSETCATALOG_COMPILER_GLOBAL_ACCENT_COLOR_NAME = AccentColor;
				ASSETCATALOG_COMPILER_INCLUDE_ALL_APPICON_ASSETS = YES;
				"CODE_SIGN_IDENTITY[sdk=iphoneos*]" = "iPhone Developer";
				CODE_SIGN_STYLE = Manual;
				CURRENT_PROJECT_VERSION = 1;
				DEVELOPMENT_ASSET_PATHS = "\"Online_Groceries_Shop_MVVM/Preview Content\"";
				DEVELOPMENT_TEAM = "";
				"DEVELOPMENT_TEAM[sdk=iphoneos*]" = G744JJS4HF;
				ENABLE_PREVIEWS = YES;
				GENERATE_INFOPLIST_FILE = YES;
				INFOPLIST_FILE = "Online-Groceries-Shop-MVVM-Info.plist";
				INFOPLIST_KEY_CFBundleDisplayName = "Grocery Shop";
				INFOPLIST_KEY_LSApplicationCategoryType = "public.app-category.food-and-drink";
				INFOPLIST_KEY_UIApplicationSceneManifest_Generation = YES;
				INFOPLIST_KEY_UIApplicationSupportsIndirectInputEvents = YES;
				INFOPLIST_KEY_UILaunchScreen_Generation = YES;
				INFOPLIST_KEY_UILaunchStoryboardName = "Launch Screen.storyboard";
				INFOPLIST_KEY_UISupportedInterfaceOrientations = UIInterfaceOrientationPortrait;
				IPHONEOS_DEPLOYMENT_TARGET = 17.6;
				LD_RUNPATH_SEARCH_PATHS = (
					"$(inherited)",
					"@executable_path/Frameworks",
				);
				MARKETING_VERSION = 1.0;
				PRODUCT_BUNDLE_IDENTIFIER = com.bfdlmfsdk.app;
				PRODUCT_NAME = "$(TARGET_NAME)";
				PROVISIONING_PROFILE_SPECIFIER = "";
				"PROVISIONING_PROFILE_SPECIFIER[sdk=iphoneos*]" = "BFDL WildCard Profile";
				SUPPORTED_PLATFORMS = "iphoneos iphonesimulator";
				SUPPORTS_MACCATALYST = NO;
				SUPPORTS_MAC_DESIGNED_FOR_IPHONE_IPAD = NO;
				SUPPORTS_XR_DESIGNED_FOR_IPHONE_IPAD = NO;
				SWIFT_EMIT_LOC_STRINGS = YES;
				SWIFT_VERSION = 5.0;
				TARGETED_DEVICE_FAMILY = "1,2";
			};
			name = Release;
		};
		4BB739AD2D8BFC46008265E1 /* Debug */ = {
			isa = XCBuildConfiguration;
			buildSettings = {
				BUNDLE_LOADER = "$(TEST_HOST)";
				CODE_SIGN_STYLE = Automatic;
				CURRENT_PROJECT_VERSION = 1;
				DEVELOPMENT_TEAM = 7W62H96B5K;
				GENERATE_INFOPLIST_FILE = YES;
				IPHONEOS_DEPLOYMENT_TARGET = 18.2;
				MARKETING_VERSION = 1.0;
				PRODUCT_BUNDLE_IDENTIFIER = "com.suraj.Online-Groceries-Shop-MVVMTests";
				PRODUCT_NAME = "$(TARGET_NAME)";
				SWIFT_EMIT_LOC_STRINGS = NO;
				SWIFT_VERSION = 5.0;
				TARGETED_DEVICE_FAMILY = "1,2";
				TEST_HOST = "$(BUILT_PRODUCTS_DIR)/Online_Groceries_Shop_MVVM.app/$(BUNDLE_EXECUTABLE_FOLDER_PATH)/Online_Groceries_Shop_MVVM";
			};
			name = Debug;
		};
		4BB739AE2D8BFC46008265E1 /* Release */ = {
			isa = XCBuildConfiguration;
			buildSettings = {
				BUNDLE_LOADER = "$(TEST_HOST)";
				CODE_SIGN_STYLE = Automatic;
				CURRENT_PROJECT_VERSION = 1;
				DEVELOPMENT_TEAM = 7W62H96B5K;
				GENERATE_INFOPLIST_FILE = YES;
				IPHONEOS_DEPLOYMENT_TARGET = 18.2;
				MARKETING_VERSION = 1.0;
				PRODUCT_BUNDLE_IDENTIFIER = "com.suraj.Online-Groceries-Shop-MVVMTests";
				PRODUCT_NAME = "$(TARGET_NAME)";
				SWIFT_EMIT_LOC_STRINGS = NO;
				SWIFT_VERSION = 5.0;
				TARGETED_DEVICE_FAMILY = "1,2";
				TEST_HOST = "$(BUILT_PRODUCTS_DIR)/Online_Groceries_Shop_MVVM.app/$(BUNDLE_EXECUTABLE_FOLDER_PATH)/Online_Groceries_Shop_MVVM";
			};
			name = Release;
		};
		4BB739B02D8BFC46008265E1 /* Debug */ = {
			isa = XCBuildConfiguration;
			buildSettings = {
				CODE_SIGN_STYLE = Automatic;
				CURRENT_PROJECT_VERSION = 1;
				DEVELOPMENT_TEAM = 7W62H96B5K;
				GENERATE_INFOPLIST_FILE = YES;
				MARKETING_VERSION = 1.0;
				PRODUCT_BUNDLE_IDENTIFIER = "com.suraj.Online-Groceries-Shop-MVVMUITests";
				PRODUCT_NAME = "$(TARGET_NAME)";
				SWIFT_EMIT_LOC_STRINGS = NO;
				SWIFT_VERSION = 5.0;
				TARGETED_DEVICE_FAMILY = "1,2";
				TEST_TARGET_NAME = Online_Groceries_Shop_MVVM;
			};
			name = Debug;
		};
		4BB739B12D8BFC46008265E1 /* Release */ = {
			isa = XCBuildConfiguration;
			buildSettings = {
				CODE_SIGN_STYLE = Automatic;
				CURRENT_PROJECT_VERSION = 1;
				DEVELOPMENT_TEAM = 7W62H96B5K;
				GENERATE_INFOPLIST_FILE = YES;
				MARKETING_VERSION = 1.0;
				PRODUCT_BUNDLE_IDENTIFIER = "com.suraj.Online-Groceries-Shop-MVVMUITests";
				PRODUCT_NAME = "$(TARGET_NAME)";
				SWIFT_EMIT_LOC_STRINGS = NO;
				SWIFT_VERSION = 5.0;
				TARGETED_DEVICE_FAMILY = "1,2";
				TEST_TARGET_NAME = Online_Groceries_Shop_MVVM;
			};
			name = Release;
		};
/* End XCBuildConfiguration section */

/* Begin XCConfigurationList section */
		4BB7397E2D8BFC45008265E1 /* Build configuration list for PBXProject "Online_Groceries_Shop_MVVM" */ = {
			isa = XCConfigurationList;
			buildConfigurations = (
				4BB739A72D8BFC46008265E1 /* Debug */,
				4BB739A82D8BFC46008265E1 /* Release */,
			);
			defaultConfigurationIsVisible = 0;
			defaultConfigurationName = Release;
		};
		4BB739A92D8BFC46008265E1 /* Build configuration list for PBXNativeTarget "Online_Groceries_Shop_MVVM" */ = {
			isa = XCConfigurationList;
			buildConfigurations = (
				4BB739AA2D8BFC46008265E1 /* Debug */,
				4BB739AB2D8BFC46008265E1 /* Release */,
			);
			defaultConfigurationIsVisible = 0;
			defaultConfigurationName = Release;
		};
		4BB739AC2D8BFC46008265E1 /* Build configuration list for PBXNativeTarget "Online_Groceries_Shop_MVVMTests" */ = {
			isa = XCConfigurationList;
			buildConfigurations = (
				4BB739AD2D8BFC46008265E1 /* Debug */,
				4BB739AE2D8BFC46008265E1 /* Release */,
			);
			defaultConfigurationIsVisible = 0;
			defaultConfigurationName = Release;
		};
		4BB739AF2D8BFC46008265E1 /* Build configuration list for PBXNativeTarget "Online_Groceries_Shop_MVVMUITests" */ = {
			isa = XCConfigurationList;
			buildConfigurations = (
				4BB739B02D8BFC46008265E1 /* Debug */,
				4BB739B12D8BFC46008265E1 /* Release */,
			);
			defaultConfigurationIsVisible = 0;
			defaultConfigurationName = Release;
		};
/* End XCConfigurationList section */

/* Begin XCRemoteSwiftPackageReference section */
		4BD426772D8D5FFB002041F3 /* XCRemoteSwiftPackageReference "CountryPicker" */ = {
			isa = XCRemoteSwiftPackageReference;
			repositoryURL = "https://github.com/mobven/CountryPicker.git";
			requirement = {
				kind = upToNextMajorVersion;
				minimumVersion = 2.0.3;
			};
		};
/* End XCRemoteSwiftPackageReference section */

/* Begin XCSwiftPackageProductDependency section */
		4BD426782D8D5FFB002041F3 /* CountryPicker */ = {
			isa = XCSwiftPackageProductDependency;
			package = 4BD426772D8D5FFB002041F3 /* XCRemoteSwiftPackageReference "CountryPicker" */;
			productName = CountryPicker;
		};
/* End XCSwiftPackageProductDependency section */
	};
	rootObject = 4BB7397B2D8BFC45008265E1 /* Project object */;
}
